
Microsoft Visual Studio Solution File, Format Version 12.00
# Visual Studio Version 17
VisualStudioVersion = 17.0.32014.148
MinimumVisualStudioVersion = 10.0.40219.1
Project("{FAE04EC0-301F-11D3-BF4B-00C04F79EFBC}") = "S7Core", "S7Core.csproj", "{69B6D0D5-1CE5-41A1-AB1E-DC99FDDB0664}"
EndProject
Global
	GlobalSection(SolutionConfigurationPlatforms) = preSolution
		Debug|Any CPU = Debug|Any CPU
		Release|Any CPU = Release|Any CPU
	EndGlobalSection
	GlobalSection(ProjectConfigurationPlatforms) = postSolution
		{69B6D0D5-1CE5-41A1-AB1E-DC99FDDB0664}.Debug|Any CPU.ActiveCfg = Debug|Any CPU
		{69B6D0D5-1CE5-41A1-AB1E-DC99FDDB0664}.Debug|Any CPU.Build.0 = Debug|Any CPU
		{69B6D0D5-1CE5-41A1-AB1E-DC99FDDB0664}.Release|Any CPU.ActiveCfg = Release|Any CPU
		{69B6D0D5-1CE5-41A1-AB1E-DC99FDDB0664}.Release|Any CPU.Build.0 = Release|Any CPU
	EndGlobalSection
	GlobalSection(SolutionProperties) = preSolution
		HideSolutionNode = FALSE
	EndGlobalSection
	GlobalSection(ExtensibilityGlobals) = postSolution
		SolutionGuid = {85981107-38C5-4A17-B746-84A1F2888A63}
	EndGlobalSection
EndGlobal
